
Microsoft Visual Studio Solution File, Format Version 12.00
# Visual Studio Version 17
VisualStudioVersion = 17.1.32319.34
MinimumVisualStudioVersion = 10.0.40219.1
Project("{FAE04EC0-301F-11D3-BF4B-00C04F79EFBC}") = "MyRoadMap.Test", "MyRoadMap.Test\MyRoadMap.Test.csproj", "{0C82DA28-7869-4B1C-96AD-6A6072AB53BB}"
EndProject
Project("{FAE04EC0-301F-11D3-BF4B-00C04F79EFBC}") = "MyRoadmap.Domain", "MyRoadmap.Domain\MyRoadmap.Domain.csproj", "{D961AA1D-B5BC-4AC5-B170-1F2E0E173CBB}"
EndProject
Project("{FAE04EC0-301F-11D3-BF4B-00C04F79EFBC}") = "MyRoadmap.Infrastructure", "MyRoadmap.Infrastructure\MyRoadmap.Infrastructure.csproj", "{67136567-B30B-4D08-AB0C-899C36B2483A}"
EndProject
Global
	GlobalSection(SolutionConfigurationPlatforms) = preSolution
		Debug|Any CPU = Debug|Any CPU
		Release|Any CPU = Release|Any CPU
	EndGlobalSection
	GlobalSection(ProjectConfigurationPlatforms) = postSolution
		{0C82DA28-7869-4B1C-96AD-6A6072AB53BB}.Debug|Any CPU.ActiveCfg = Debug|Any CPU
		{0C82DA28-7869-4B1C-96AD-6A6072AB53BB}.Debug|Any CPU.Build.0 = Debug|Any CPU
		{0C82DA28-7869-4B1C-96AD-6A6072AB53BB}.Release|Any CPU.ActiveCfg = Release|Any CPU
		{0C82DA28-7869-4B1C-96AD-6A6072AB53BB}.Release|Any CPU.Build.0 = Release|Any CPU
		{D961AA1D-B5BC-4AC5-B170-1F2E0E173CBB}.Debug|Any CPU.ActiveCfg = Debug|Any CPU
		{D961AA1D-B5BC-4AC5-B170-1F2E0E173CBB}.Debug|Any CPU.Build.0 = Debug|Any CPU
		{D961AA1D-B5BC-4AC5-B170-1F2E0E173CBB}.Release|Any CPU.ActiveCfg = Release|Any CPU
		{D961AA1D-B5BC-4AC5-B170-1F2E0E173CBB}.Release|Any CPU.Build.0 = Release|Any CPU
		{67136567-B30B-4D08-AB0C-899C36B2483A}.Debug|Any CPU.ActiveCfg = Debug|Any CPU
		{67136567-B30B-4D08-AB0C-899C36B2483A}.Debug|Any CPU.Build.0 = Debug|Any CPU
		{67136567-B30B-4D08-AB0C-899C36B2483A}.Release|Any CPU.ActiveCfg = Release|Any CPU
		{67136567-B30B-4D08-AB0C-899C36B2483A}.Release|Any CPU.Build.0 = Release|Any CPU
	EndGlobalSection
	GlobalSection(SolutionProperties) = preSolution
		HideSolutionNode = FALSE
	EndGlobalSection
	GlobalSection(ExtensibilityGlobals) = postSolution
		SolutionGuid = {01F60A54-2EB2-42B4-BF21-11D027D9936B}
	EndGlobalSection
EndGlobal
